
Microsoft Visual Studio Solution File, Format Version 12.00
# Visual Studio 15
VisualStudioVersion = 15.0.26730.16
MinimumVisualStudioVersion = 10.0.40219.1
Project("{FAE04EC0-301F-11D3-BF4B-00C04F79EFBC}") = "NSubstituteConverter.Console", "NSubstituteConverter.Console\NSubstituteConverter.Console.csproj", "{6172E526-844B-4002-9563-B616CA6D47F4}"
EndProject
Project("{FAE04EC0-301F-11D3-BF4B-00C04F79EFBC}") = "NSubstituteConverter.Core", "NSubstituteConverter.Core\NSubstituteConverter.Core.csproj", "{BBE60161-1BF8-47F7-8AD0-F40AB7D7F54C}"
EndProject
Global
	GlobalSection(SolutionConfigurationPlatforms) = preSolution
		Debug|Any CPU = Debug|Any CPU
		Release|Any CPU = Release|Any CPU
	EndGlobalSection
	GlobalSection(ProjectConfigurationPlatforms) = postSolution
		{6172E526-844B-4002-9563-B616CA6D47F4}.Debug|Any CPU.ActiveCfg = Debug|Any CPU
		{6172E526-844B-4002-9563-B616CA6D47F4}.Debug|Any CPU.Build.0 = Debug|Any CPU
		{6172E526-844B-4002-9563-B616CA6D47F4}.Release|Any CPU.ActiveCfg = Release|Any CPU
		{6172E526-844B-4002-9563-B616CA6D47F4}.Release|Any CPU.Build.0 = Release|Any CPU
		{BBE60161-1BF8-47F7-8AD0-F40AB7D7F54C}.Debug|Any CPU.ActiveCfg = Debug|Any CPU
		{BBE60161-1BF8-47F7-8AD0-F40AB7D7F54C}.Debug|Any CPU.Build.0 = Debug|Any CPU
		{BBE60161-1BF8-47F7-8AD0-F40AB7D7F54C}.Release|Any CPU.ActiveCfg = Release|Any CPU
		{BBE60161-1BF8-47F7-8AD0-F40AB7D7F54C}.Release|Any CPU.Build.0 = Release|Any CPU
	EndGlobalSection
	GlobalSection(SolutionProperties) = preSolution
		HideSolutionNode = FALSE
	EndGlobalSection
	GlobalSection(ExtensibilityGlobals) = postSolution
		SolutionGuid = {F247C60A-F23E-4C25-B3AD-E195B27D208E}
	EndGlobalSection
EndGlobal
